
Microsoft Visual Studio Solution File, Format Version 12.00
# Visual Studio Version 17
VisualStudioVersion = 17.14.37710.0 d17.14
MinimumVisualStudioVersion = 10.0.40219.1
Project("{FAE04EC0-301F-11D3-BF4B-00C04F79EFBC}") = "ParkSmartRD", "ParkSmartRD\ParkSmartRD\ParkSmartRD.csproj", "{A0F757D2-B8D9-463A-B427-2264161E92C1}"
EndProject
Project("{FAE04EC0-301F-11D3-BF4B-00C04F79EFBC}") = "ParkSmartRD.Client", "ParkSmartRD\ParkSmartRD.Client\ParkSmartRD.Client.csproj", "{F305875F-CF15-4410-AB9B-1DEFB9FAC182}"
EndProject
Global
	GlobalSection(SolutionConfigurationPlatforms) = preSolution
		Debug|Any CPU = Debug|Any CPU
		Release|Any CPU = Release|Any CPU
	EndGlobalSection
	GlobalSection(ProjectConfigurationPlatforms) = postSolution
		{A0F757D2-B8D9-463A-B427-2264161E92C1}.Debug|Any CPU.ActiveCfg = Debug|Any CPU
		{A0F757D2-B8D9-463A-B427-2264161E92C1}.Debug|Any CPU.Build.0 = Debug|Any CPU
		{A0F757D2-B8D9-463A-B427-2264161E92C1}.Release|Any CPU.ActiveCfg = Release|Any CPU
		{A0F757D2-B8D9-463A-B427-2264161E92C1}.Release|Any CPU.Build.0 = Release|Any CPU
		{F305875F-CF15-4410-AB9B-1DEFB9FAC182}.Debug|Any CPU.ActiveCfg = Debug|Any CPU
		{F305875F-CF15-4410-AB9B-1DEFB9FAC182}.Debug|Any CPU.Build.0 = Debug|Any CPU
		{F305875F-CF15-4410-AB9B-1DEFB9FAC182}.Release|Any CPU.ActiveCfg = Release|Any CPU
		{F305875F-CF15-4410-AB9B-1DEFB9FAC182}.Release|Any CPU.Build.0 = Release|Any CPU
	EndGlobalSection
	GlobalSection(SolutionProperties) = preSolution
		HideSolutionNode = FALSE
	EndGlobalSection
	GlobalSection(ExtensibilityGlobals) = postSolution
		SolutionGuid = {B30D3EF1-E897-4F56-BA6C-97AF056B88A7}
	EndGlobalSection
EndGlobal
